
Microsoft Visual Studio Solution File, Format Version 11.00
# Visual Studio 2010
Project("{FAE04EC0-301F-11D3-BF4B-00C04F79EFBC}") = "Tests.Console", "..\Tests.Console\Tests.Console.csproj", "{D98DCC52-05BC-4901-9AC9-FADBAA4A3864}"
EndProject
Project("{FAE04EC0-301F-11D3-BF4B-00C04F79EFBC}") = "Tests.NUnit", "..\Tests.NUnits\Tests.NUnit.csproj", "{B16CDFCA-2571-418F-9782-1BBB4A7E6C0E}"
EndProject
Project("{2150E333-8FDC-42A3-9474-1A3956D46DE8}") = "Solution Items", "Solution Items", "{2B8AA770-DBAB-428E-B7F2-97621C0284B7}"
EndProject
Project("{FAE04EC0-301F-11D3-BF4B-00C04F79EFBC}") = "Tests.TestEntities", "..\Tests.TestEntities\Tests.TestEntities.csproj", "{35B88539-8AE2-4C56-8217-4D13D26A5983}"
EndProject
Project("{FAE04EC0-301F-11D3-BF4B-00C04F79EFBC}") = "TMO.Json", "TMO.Json.csproj", "{852DEA93-7E91-4C36-BF3F-30DDE88D8269}"
EndProject
Global
	GlobalSection(SolutionConfigurationPlatforms) = preSolution
		Debug|Any CPU = Debug|Any CPU
		Debug|Mixed Platforms = Debug|Mixed Platforms
		Debug|x86 = Debug|x86
		Release|Any CPU = Release|Any CPU
		Release|Mixed Platforms = Release|Mixed Platforms
		Release|x86 = Release|x86
	EndGlobalSection
	GlobalSection(ProjectConfigurationPlatforms) = postSolution
		{D98DCC52-05BC-4901-9AC9-FADBAA4A3864}.Debug|Any CPU.ActiveCfg = Debug|x86
		{D98DCC52-05BC-4901-9AC9-FADBAA4A3864}.Debug|Mixed Platforms.ActiveCfg = Debug|x86
		{D98DCC52-05BC-4901-9AC9-FADBAA4A3864}.Debug|Mixed Platforms.Build.0 = Debug|x86
		{D98DCC52-05BC-4901-9AC9-FADBAA4A3864}.Debug|x86.ActiveCfg = Debug|x86
		{D98DCC52-05BC-4901-9AC9-FADBAA4A3864}.Debug|x86.Build.0 = Debug|x86
		{D98DCC52-05BC-4901-9AC9-FADBAA4A3864}.Release|Any CPU.ActiveCfg = Release|x86
		{D98DCC52-05BC-4901-9AC9-FADBAA4A3864}.Release|Mixed Platforms.ActiveCfg = Release|x86
		{D98DCC52-05BC-4901-9AC9-FADBAA4A3864}.Release|Mixed Platforms.Build.0 = Release|x86
		{D98DCC52-05BC-4901-9AC9-FADBAA4A3864}.Release|x86.ActiveCfg = Release|x86
		{D98DCC52-05BC-4901-9AC9-FADBAA4A3864}.Release|x86.Build.0 = Release|x86
		{B16CDFCA-2571-418F-9782-1BBB4A7E6C0E}.Debug|Any CPU.ActiveCfg = Debug|x86
		{B16CDFCA-2571-418F-9782-1BBB4A7E6C0E}.Debug|Mixed Platforms.ActiveCfg = Debug|x86
		{B16CDFCA-2571-418F-9782-1BBB4A7E6C0E}.Debug|Mixed Platforms.Build.0 = Debug|x86
		{B16CDFCA-2571-418F-9782-1BBB4A7E6C0E}.Debug|x86.ActiveCfg = Debug|x86
		{B16CDFCA-2571-418F-9782-1BBB4A7E6C0E}.Debug|x86.Build.0 = Debug|x86
		{B16CDFCA-2571-418F-9782-1BBB4A7E6C0E}.Release|Any CPU.ActiveCfg = Release|x86
		{B16CDFCA-2571-418F-9782-1BBB4A7E6C0E}.Release|Mixed Platforms.ActiveCfg = Release|x86
		{B16CDFCA-2571-418F-9782-1BBB4A7E6C0E}.Release|Mixed Platforms.Build.0 = Release|x86
		{B16CDFCA-2571-418F-9782-1BBB4A7E6C0E}.Release|x86.ActiveCfg = Release|x86
		{B16CDFCA-2571-418F-9782-1BBB4A7E6C0E}.Release|x86.Build.0 = Release|x86
		{35B88539-8AE2-4C56-8217-4D13D26A5983}.Debug|Any CPU.ActiveCfg = Debug|x86
		{35B88539-8AE2-4C56-8217-4D13D26A5983}.Debug|Mixed Platforms.ActiveCfg = Debug|x86
		{35B88539-8AE2-4C56-8217-4D13D26A5983}.Debug|Mixed Platforms.Build.0 = Debug|x86
		{35B88539-8AE2-4C56-8217-4D13D26A5983}.Debug|x86.ActiveCfg = Debug|x86
		{35B88539-8AE2-4C56-8217-4D13D26A5983}.Debug|x86.Build.0 = Debug|x86
		{35B88539-8AE2-4C56-8217-4D13D26A5983}.Release|Any CPU.ActiveCfg = Release|x86
		{35B88539-8AE2-4C56-8217-4D13D26A5983}.Release|Mixed Platforms.ActiveCfg = Release|x86
		{35B88539-8AE2-4C56-8217-4D13D26A5983}.Release|Mixed Platforms.Build.0 = Release|x86
		{35B88539-8AE2-4C56-8217-4D13D26A5983}.Release|x86.ActiveCfg = Release|x86
		{35B88539-8AE2-4C56-8217-4D13D26A5983}.Release|x86.Build.0 = Release|x86
		{852DEA93-7E91-4C36-BF3F-30DDE88D8269}.Debug|Any CPU.ActiveCfg = Debug|Any CPU
		{852DEA93-7E91-4C36-BF3F-30DDE88D8269}.Debug|Any CPU.Build.0 = Debug|Any CPU
		{852DEA93-7E91-4C36-BF3F-30DDE88D8269}.Debug|Mixed Platforms.ActiveCfg = Debug|Any CPU
		{852DEA93-7E91-4C36-BF3F-30DDE88D8269}.Debug|Mixed Platforms.Build.0 = Debug|Any CPU
		{852DEA93-7E91-4C36-BF3F-30DDE88D8269}.Debug|x86.ActiveCfg = Debug|Any CPU
		{852DEA93-7E91-4C36-BF3F-30DDE88D8269}.Release|Any CPU.ActiveCfg = Release|Any CPU
		{852DEA93-7E91-4C36-BF3F-30DDE88D8269}.Release|Any CPU.Build.0 = Release|Any CPU
		{852DEA93-7E91-4C36-BF3F-30DDE88D8269}.Release|Mixed Platforms.ActiveCfg = Release|Any CPU
		{852DEA93-7E91-4C36-BF3F-30DDE88D8269}.Release|Mixed Platforms.Build.0 = Release|Any CPU
		{852DEA93-7E91-4C36-BF3F-30DDE88D8269}.Release|x86.ActiveCfg = Release|Any CPU
	EndGlobalSection
	GlobalSection(SolutionProperties) = preSolution
		HideSolutionNode = FALSE
	EndGlobalSection
EndGlobal
